// !$*UTF8*$!
{
	archiveVersion = 1;
	classes = {
	};
	objectVersion = 48;
	objects = {

/* Begin PBXBuildFile section */
		C94668931FD181110068FCDD /* AppDelegate.swift in Sources */ = {isa = PBXBuildFile; fileRef = C94668921FD181110068FCDD /* AppDelegate.swift */; };
		C94668951FD181110068FCDD /* ViewController.swift in Sources */ = {isa = PBXBuildFile; fileRef = C94668941FD181110068FCDD /* ViewController.swift */; };
		C94668981FD181110068FCDD /* Main.storyboard in Resources */ = {isa = PBXBuildFile; fileRef = C94668961FD181110068FCDD /* Main.storyboard */; };
		C946689A1FD181110068FCDD /* Assets.xcassets in Resources */ = {isa = PBXBuildFile; fileRef = C94668991FD181110068FCDD /* Assets.xcassets */; };
		C946689D1FD181110068FCDD /* LaunchScreen.storyboard in Resources */ = {isa = PBXBuildFile; fileRef = C946689B1FD181110068FCDD /* LaunchScreen.storyboard */; };
		C94668A51FD182120068FCDD /* GameViewController.swift in Sources */ = {isa = PBXBuildFile; fileRef = C94668A41FD182120068FCDD /* GameViewController.swift */; };
		C94668A91FD187CE0068FCDD /* Extension.swift in Sources */ = {isa = PBXBuildFile; fileRef = C94668A81FD187CE0068FCDD /* Extension.swift */; };
		C94668AB1FD192B60068FCDD /* MainMenu.swift in Sources */ = {isa = PBXBuildFile; fileRef = C94668AA1FD192B60068FCDD /* MainMenu.swift */; };
/* End PBXBuildFile section */

/* Begin PBXFileReference section */
		C946688F1FD181110068FCDD /* AdventCalendarTutorials.app */ = {isa = PBXFileReference; explicitFileType = wrapper.application; includeInIndex = 0; path = AdventCalendarTutorials.app; sourceTree = BUILT_PRODUCTS_DIR; };
		C94668921FD181110068FCDD /* AppDelegate.swift */ = {isa = PBXFileReference; lastKnownFileType = sourcecode.swift; path = AppDelegate.swift; sourceTree = "<group>"; };
		C94668941FD181110068FCDD /* ViewController.swift */ = {isa = PBXFileReference; lastKnownFileType = sourcecode.swift; path = ViewController.swift; sourceTree = "<group>"; };
		C94668971FD181110068FCDD /* Base */ = {isa = PBXFileReference; lastKnownFileType = file.storyboard; name = Base; path = Base.lproj/Main.storyboard; sourceTree = "<group>"; };
		C94668991FD181110068FCDD /* Assets.xcassets */ = {isa = PBXFileReference; lastKnownFileType = folder.assetcatalog; path = Assets.xcassets; sourceTree = "<group>"; };
		C946689C1FD181110068FCDD /* Base */ = {isa = PBXFileReference; lastKnownFileType = file.storyboard; name = Base; path = Base.lproj/LaunchScreen.storyboard; sourceTree = "<group>"; };
		C946689E1FD181110068FCDD /* Info.plist */ = {isa = PBXFileReference; lastKnownFileType = text.plist.xml; path = Info.plist; sourceTree = "<group>"; };
		C94668A41FD182120068FCDD /* GameViewController.swift */ = {isa = PBXFileReference; lastKnownFileType = sourcecode.swift; path = GameViewController.swift; sourceTree = "<group>"; };
		C94668A81FD187CE0068FCDD /* Extension.swift */ = {isa = PBXFileReference; lastKnownFileType = sourcecode.swift; path = Extension.swift; sourceTree = "<group>"; };
		C94668AA1FD192B60068FCDD /* MainMenu.swift */ = {isa = PBXFileReference; lastKnownFileType = sourcecode.swift; path = MainMenu.swift; sourceTree = "<group>"; };
/* End PBXFileReference section */

/* Begin PBXFrameworksBuildPhase section */
		C946688C1FD181110068FCDD /* Frameworks */ = {
			isa = PBXFrameworksBuildPhase;
			buildActionMask = 2147483647;
			files = (
			);
			runOnlyForDeploymentPostprocessing = 0;
		};
/* End PBXFrameworksBuildPhase section */

/* Begin PBXGroup section */
		C94668861FD181110068FCDD = {
			isa = PBXGroup;
			children = (
				C94668911FD181110068FCDD /* AdventCalendarTutorials */,
				C94668901FD181110068FCDD /* Products */,
			);
			sourceTree = "<group>";
		};
		C94668901FD181110068FCDD /* Products */ = {
			isa = PBXGroup;
			children = (
				C946688F1FD181110068FCDD /* AdventCalendarTutorials.app */,
			);
			name = Products;
			sourceTree = "<group>";
		};
		C94668911FD181110068FCDD /* AdventCalendarTutorials */ = {
			isa = PBXGroup;
			children = (
				C94668921FD181110068FCDD /* AppDelegate.swift */,
				C94668941FD181110068FCDD /* ViewController.swift */,
				C94668961FD181110068FCDD /* Main.storyboard */,
				C94668991FD181110068FCDD /* Assets.xcassets */,
				C946689B1FD181110068FCDD /* LaunchScreen.storyboard */,
				C946689E1FD181110068FCDD /* Info.plist */,
				C94668A41FD182120068FCDD /* GameViewController.swift */,
				C94668A81FD187CE0068FCDD /* Extension.swift */,
				C94668AA1FD192B60068FCDD /* MainMenu.swift */,
			);
			path = AdventCalendarTutorials;
			sourceTree = "<group>";
		};
/* End PBXGroup section */

/* Begin PBXNativeTarget section */
		C946688E1FD181110068FCDD /* AdventCalendarTutorials */ = {
			isa = PBXNativeTarget;
			buildConfigurationList = C94668A11FD181110068FCDD /* Build configuration list for PBXNativeTarget "AdventCalendarTutorials" */;
			buildPhases = (
				C946688B1FD181110068FCDD /* Sources */,
				C946688C1FD181110068FCDD /* Frameworks */,
				C946688D1FD181110068FCDD /* Resources */,
			);
			buildRules = (
			);
			dependencies = (
			);
			name = AdventCalendarTutorials;
			productName = AdventCalendarTutorials;
			productReference = C946688F1FD181110068FCDD /* AdventCalendarTutorials.app */;
			productType = "com.apple.product-type.application";
		};
/* End PBXNativeTarget section */

/* Begin PBXProject section */
		C94668871FD181110068FCDD /* Project object */ = {
			isa = PBXProject;
			attributes = {
				LastSwiftUpdateCheck = 0910;
				LastUpgradeCheck = 0910;
				ORGANIZATIONNAME = "Alex Nagy";
				TargetAttributes = {
					C946688E1FD181110068FCDD = {
						CreatedOnToolsVersion = 9.1;
						ProvisioningStyle = Automatic;
					};
				};
			};
			buildConfigurationList = C946688A1FD181110068FCDD /* Build configuration list for PBXProject "AdventCalendarTutorials" */;
			compatibilityVersion = "Xcode 8.0";
			developmentRegion = en;
			hasScannedForEncodings = 0;
			knownRegions = (
				en,
				Base,
			);
			mainGroup = C94668861FD181110068FCDD;
			productRefGroup = C94668901FD181110068FCDD /* Products */;
			projectDirPath = "";
			projectRoot = "";
			targets = (
				C946688E1FD181110068FCDD /* AdventCalendarTutorials */,
			);
		};
/* End PBXProject section */

/* Begin PBXResourcesBuildPhase section */
		C946688D1FD181110068FCDD /* Resources */ = {
			isa = PBXResourcesBuildPhase;
			buildActionMask = 2147483647;
			files = (
				C946689D1FD181110068FCDD /* LaunchScreen.storyboard in Resources */,
				C946689A1FD181110068FCDD /* Assets.xcassets in Resources */,
				C94668981FD181110068FCDD /* Main.storyboard in Resources */,
			);
			runOnlyForDeploymentPostprocessing = 0;
		};
/* End PBXResourcesBuildPhase section */

/* Begin PBXSourcesBuildPhase section */
		C946688B1FD181110068FCDD /* Sources */ = {
			isa = PBXSourcesBuildPhase;
			buildActionMask = 2147483647;
			files = (
				C94668AB1FD192B60068FCDD /* MainMenu.swift in Sources */,
				C94668951FD181110068FCDD /* ViewController.swift in Sources */,
				C94668A51FD182120068FCDD /* GameViewController.swift in Sources */,
				C94668931FD181110068FCDD /* AppDelegate.swift in Sources */,
				C94668A91FD187CE0068FCDD /* Extension.swift in Sources */,
			);
			runOnlyForDeploymentPostprocessing = 0;
		};
/* End PBXSourcesBuildPhase section */

/* Begin PBXVariantGroup section */
		C94668961FD181110068FCDD /* Main.storyboard */ = {
			isa = PBXVariantGroup;
			children = (
				C94668971FD181110068FCDD /* Base */,
			);
			name = Main.storyboard;
			sourceTree = "<group>";
		};
		C946689B1FD181110068FCDD /* LaunchScreen.storyboard */ = {
			isa = PBXVariantGroup;
			children = (
				C946689C1FD181110068FCDD /* Base */,
			);
			name = LaunchScreen.storyboard;
			sourceTree = "<group>";
		};
/* End PBXVariantGroup section */

/* Begin XCBuildConfiguration section */
		C946689F1FD181110068FCDD /* Debug */ = {
			isa = XCBuildConfiguration;
			buildSettings = {
				ALWAYS_SEARCH_USER_PATHS = NO;
				CLANG_ANALYZER_NONNULL = YES;
				CLANG_ANALYZER_NUMBER_OBJECT_CONVERSION = YES_AGGRESSIVE;
				CLANG_CXX_LANGUAGE_STANDARD = "gnu++14";
				CLANG_CXX_LIBRARY = "libc++";
				CLANG_ENABLE_MODULES = YES;
				CLANG_ENABLE_OBJC_ARC = YES;
				CLANG_WARN_BLOCK_CAPTURE_AUTORELEASING = YES;
				CLANG_WARN_BOOL_CONVERSION = YES;
				CLANG_WARN_COMMA = YES;
				CLANG_WARN_CONSTANT_CONVERSION = YES;
				CLANG_WARN_DIRECT_OBJC_ISA_USAGE = YES_ERROR;
				CLANG_WARN_DOCUMENTATION_COMMENTS = YES;
				CLANG_WARN_EMPTY_BODY = YES;
				CLANG_WARN_ENUM_CONVERSION = YES;
				CLANG_WARN_INFINITE_RECURSION = YES;
				CLANG_WARN_INT_CONVERSION = YES;
				CLANG_WARN_NON_LITERAL_NULL_CONVERSION = YES;
				CLANG_WARN_OBJC_LITERAL_CONVERSION = YES;
				CLANG_WARN_OBJC_ROOT_CLASS = YES_ERROR;
				CLANG_WARN_RANGE_LOOP_ANALYSIS = YES;
				CLANG_WARN_STRICT_PROTOTYPES = YES;
				CLANG_WARN_SUSPICIOUS_MOVE = YES;
				CLANG_WARN_UNGUARDED_AVAILABILITY = YES_AGGRESSIVE;
				CLANG_WARN_UNREACHABLE_CODE = YES;
				CLANG_WARN__DUPLICATE_METHOD_MATCH = YES;
				CODE_SIGN_IDENTITY = "iPhone Developer";
				COPY_PHASE_STRIP = NO;
				DEBUG_INFORMATION_FORMAT = dwarf;
				ENABLE_STRICT_OBJC_MSGSEND = YES;
				ENABLE_TESTABILITY = YES;
				GCC_C_LANGUAGE_STANDARD = gnu11;
				GCC_DYNAMIC_NO_PIC = NO;
				GCC_NO_COMMON_BLOCKS = YES;
				GCC_OPTIMIZATION_LEVEL = 0;
				GCC_PREPROCESSOR_DEFINITIONS = (
					"DEBUG=1",
					"$(inherited)",
				);
				GCC_WARN_64_TO_32_BIT_CONVERSION = YES;
				GCC_WARN_ABOUT_RETURN_TYPE = YES_ERROR;
				GCC_WARN_UNDECLARED_SELECTOR = YES;
				GCC_WARN_UNINITIALIZED_AUTOS = YES_AGGRESSIVE;
				GCC_WARN_UNUSED_FUNCTION = YES;
				GCC_WARN_UNUSED_VARIABLE = YES;
				IPHONEOS_DEPLOYMENT_TARGET = 11.1;
				MTL_ENABLE_DEBUG_INFO = YES;
				ONLY_ACTIVE_ARCH = YES;
				SDKROOT = iphoneos;
				SWIFT_ACTIVE_COMPILATION_CONDITIONS = DEBUG;
				SWIFT_OPTIMIZATION_LEVEL = "-Onone";
			};
			name = Debug;
		};
		C94668A01FD181110068FCDD /* Release */ = {
			isa = XCBuildConfiguration;
			buildSettings = {
				ALWAYS_SEARCH_USER_PATHS = NO;
				CLANG_ANALYZER_NONNULL = YES;
				CLANG_ANALYZER_NUMBER_OBJECT_CONVERSION = YES_AGGRESSIVE;
				CLANG_CXX_LANGUAGE_STANDARD = "gnu++14";
				CLANG_CXX_LIBRARY = "libc++";
				CLANG_ENABLE_MODULES = YES;
				CLANG_ENABLE_OBJC_ARC = YES;
				CLANG_WARN_BLOCK_CAPTURE_AUTORELEASING = YES;
				CLANG_WARN_BOOL_CONVERSION = YES;
				CLANG_WARN_COMMA = YES;
				CLANG_WARN_CONSTANT_CONVERSION = YES;
				CLANG_WARN_DIRECT_OBJC_ISA_USAGE = YES_ERROR;
				CLANG_WARN_DOCUMENTATION_COMMENTS = YES;
				CLANG_WARN_EMPTY_BODY = YES;
				CLANG_WARN_ENUM_CONVERSION = YES;
				CLANG_WARN_INFINITE_RECURSION = YES;
				CLANG_WARN_INT_CONVERSION = YES;
				CLANG_WARN_NON_LITERAL_NULL_CONVERSION = YES;
				CLANG_WARN_OBJC_LITERAL_CONVERSION = YES;
				CLANG_WARN_OBJC_ROOT_CLASS = YES_ERROR;
				CLANG_WARN_RANGE_LOOP_ANALYSIS = YES;
				CLANG_WARN_STRICT_PROTOTYPES = YES;
				CLANG_WARN_SUSPICIOUS_MOVE = YES;
				CLANG_WARN_UNGUARDED_AVAILABILITY = YES_AGGRESSIVE;
				CLANG_WARN_UNREACHABLE_CODE = YES;
				CLANG_WARN__DUPLICATE_METHOD_MATCH = YES;
				CODE_SIGN_IDENTITY = "iPhone Developer";
				COPY_PHASE_STRIP = NO;
				DEBUG_INFORMATION_FORMAT = "dwarf-with-dsym";
				ENABLE_NS_ASSERTIONS = NO;
				ENABLE_STRICT_OBJC_MSGSEND = YES;
				GCC_C_LANGUAGE_STANDARD = gnu11;
				GCC_NO_COMMON_BLOCKS = YES;
				GCC_WARN_64_TO_32_BIT_CONVERSION = YES;
				GCC_WARN_ABOUT_RETURN_TYPE = YES_ERROR;
				GCC_WARN_UNDECLARED_SELECTOR = YES;
				GCC_WARN_UNINITIALIZED_AUTOS = YES_AGGRESSIVE;
				GCC_WARN_UNUSED_FUNCTION = YES;
				GCC_WARN_UNUSED_VARIABLE = YES;
				IPHONEOS_DEPLOYMENT_TARGET = 11.1;
				MTL_ENABLE_DEBUG_INFO = NO;
				SDKROOT = iphoneos;
				SWIFT_OPTIMIZATION_LEVEL = "-Owholemodule";
				VALIDATE_PRODUCT = YES;
			};
			name = Release;
		};
		C94668A21FD181110068FCDD /* Debug */ = {
			isa = XCBuildConfiguration;
			buildSettings = {
				ASSETCATALOG_COMPILER_APPICON_NAME = AppIcon;
				CODE_SIGN_STYLE = Automatic;
				DEVELOPMENT_TEAM = R252PR8AVU;
				INFOPLIST_FILE = AdventCalendarTutorials/Info.plist;
				LD_RUNPATH_SEARCH_PATHS = "$(inherited) @executable_path/Frameworks";
				PRODUCT_BUNDLE_IDENTIFIER = com.Rebeloper.AdventCalendarTutorials;
				PRODUCT_NAME = "$(TARGET_NAME)";
				SWIFT_VERSION = 4.0;
				TARGETED_DEVICE_FAMILY = "1,2";
			};
			name = Debug;
		};
		C94668A31FD181110068FCDD /* Release */ = {
			isa = XCBuildConfiguration;
			buildSettings = {
				ASSETCATALOG_COMPILER_APPICON_NAME = AppIcon;
				CODE_SIGN_STYLE = Automatic;
				DEVELOPMENT_TEAM = R252PR8AVU;
				INFOPLIST_FILE = AdventCalendarTutorials/Info.plist;
				LD_RUNPATH_SEARCH_PATHS = "$(inherited) @executable_path/Frameworks";
				PRODUCT_BUNDLE_IDENTIFIER = com.Rebeloper.AdventCalendarTutorials;
				PRODUCT_NAME = "$(TARGET_NAME)";
				SWIFT_VERSION = 4.0;
				TARGETED_DEVICE_FAMILY = "1,2";
			};
			name = Release;
		};
/* End XCBuildConfiguration section */

/* Begin XCConfigurationList section */
		C946688A1FD181110068FCDD /* Build configuration list for PBXProject "AdventCalendarTutorials" */ = {
			isa = XCConfigurationList;
			buildConfigurations = (
				C946689F1FD181110068FCDD /* Debug */,
				C94668A01FD181110068FCDD /* Release */,
			);
			defaultConfigurationIsVisible = 0;
			defaultConfigurationName = Release;
		};
		C94668A11FD181110068FCDD /* Build configuration list for PBXNativeTarget "AdventCalendarTutorials" */ = {
			isa = XCConfigurationList;
			buildConfigurations = (
				C94668A21FD181110068FCDD /* Debug */,
				C94668A31FD181110068FCDD /* Release */,
			);
			defaultConfigurationIsVisible = 0;
			defaultConfigurationName = Release;
		};
/* End XCConfigurationList section */
	};
	rootObject = C94668871FD181110068FCDD /* Project object */;
}
